// !$*UTF8*$!
{
	archiveVersion = 1;
	classes = {
	};
	objectVersion = 55;
	objects = {

/* Begin PBXBuildFile section */
		FE39F50127D4EC5800024E9E /* AppDelegate.swift in Sources */ = {isa = PBXBuildFile; fileRef = FE39F50027D4EC5800024E9E /* AppDelegate.swift */; };
		FE39F50327D4EC5800024E9E /* SceneDelegate.swift in Sources */ = {isa = PBXBuildFile; fileRef = FE39F50227D4EC5800024E9E /* SceneDelegate.swift */; };
		FE39F50527D4EC5800024E9E /* ViewController.swift in Sources */ = {isa = PBXBuildFile; fileRef = FE39F50427D4EC5800024E9E /* ViewController.swift */; };
		FE39F50827D4EC5800024E9E /* Main.storyboard in Resources */ = {isa = PBXBuildFile; fileRef = FE39F50627D4EC5800024E9E /* Main.storyboard */; };
		FE39F50A27D4EC5B00024E9E /* Assets.xcassets in Resources */ = {isa = PBXBuildFile; fileRef = FE39F50927D4EC5B00024E9E /* Assets.xcassets */; };
		FE39F50D27D4EC5B00024E9E /* LaunchScreen.storyboard in Resources */ = {isa = PBXBuildFile; fileRef = FE39F50B27D4EC5B00024E9E /* LaunchScreen.storyboard */; };
		FE39F51827D4EC5B00024E9E /* Setting_Clone_AppTests.swift in Sources */ = {isa = PBXBuildFile; fileRef = FE39F51727D4EC5B00024E9E /* Setting_Clone_AppTests.swift */; };
		FE39F52227D4EC5B00024E9E /* Setting_Clone_AppUITests.swift in Sources */ = {isa = PBXBuildFile; fileRef = FE39F52127D4EC5B00024E9E /* Setting_Clone_AppUITests.swift */; };
		FE39F52427D4EC5B00024E9E /* Setting_Clone_AppUITestsLaunchTests.swift in Sources */ = {isa = PBXBuildFile; fileRef = FE39F52327D4EC5B00024E9E /* Setting_Clone_AppUITestsLaunchTests.swift */; };
		FE39F53227D62A5400024E9E /* ProfileCell.swift in Sources */ = {isa = PBXBuildFile; fileRef = FE39F53027D62A5400024E9E /* ProfileCell.swift */; };
		FE39F53327D62A5400024E9E /* ProfileCell.xib in Resources */ = {isa = PBXBuildFile; fileRef = FE39F53127D62A5400024E9E /* ProfileCell.xib */; };
		FE39F53627D6481F00024E9E /* MenuCell.swift in Sources */ = {isa = PBXBuildFile; fileRef = FE39F53427D6481F00024E9E /* MenuCell.swift */; };
		FE39F53727D6481F00024E9E /* MenuCell.xib in Resources */ = {isa = PBXBuildFile; fileRef = FE39F53527D6481F00024E9E /* MenuCell.xib */; };
/* End PBXBuildFile section */

/* Begin PBXContainerItemProxy section */
		FE39F51427D4EC5B00024E9E /* PBXContainerItemProxy */ = {
			isa = PBXContainerItemProxy;
			containerPortal = FE39F4F527D4EC5800024E9E /* Project object */;
			proxyType = 1;
			remoteGlobalIDString = FE39F4FC27D4EC5800024E9E;
			remoteInfo = Setting_Clone_App;
		};
		FE39F51E27D4EC5B00024E9E /* PBXContainerItemProxy */ = {
			isa = PBXContainerItemProxy;
			containerPortal = FE39F4F527D4EC5800024E9E /* Project object */;
			proxyType = 1;
			remoteGlobalIDString = FE39F4FC27D4EC5800024E9E;
			remoteInfo = Setting_Clone_App;
		};
/* End PBXContainerItemProxy section */

/* Begin PBXFileReference section */
		FE39F4FD27D4EC5800024E9E /* Setting_Clone_App.app */ = {isa = PBXFileReference; explicitFileType = wrapper.application; includeInIndex = 0; path = Setting_Clone_App.app; sourceTree = BUILT_PRODUCTS_DIR; };
		FE39F50027D4EC5800024E9E /* AppDelegate.swift */ = {isa = PBXFileReference; lastKnownFileType = sourcecode.swift; path = AppDelegate.swift; sourceTree = "<group>"; };
		FE39F50227D4EC5800024E9E /* SceneDelegate.swift */ = {isa = PBXFileReference; lastKnownFileType = sourcecode.swift; path = SceneDelegate.swift; sourceTree = "<group>"; };
		FE39F50427D4EC5800024E9E /* ViewController.swift */ = {isa = PBXFileReference; lastKnownFileType = sourcecode.swift; path = ViewController.swift; sourceTree = "<group>"; };
		FE39F50727D4EC5800024E9E /* Base */ = {isa = PBXFileReference; lastKnownFileType = file.storyboard; name = Base; path = Base.lproj/Main.storyboard; sourceTree = "<group>"; };
		FE39F50927D4EC5B00024E9E /* Assets.xcassets */ = {isa = PBXFileReference; lastKnownFileType = folder.assetcatalog; path = Assets.xcassets; sourceTree = "<group>"; };
		FE39F50C27D4EC5B00024E9E /* Base */ = {isa = PBXFileReference; lastKnownFileType = file.storyboard; name = Base; path = Base.lproj/LaunchScreen.storyboard; sourceTree = "<group>"; };
		FE39F50E27D4EC5B00024E9E /* Info.plist */ = {isa = PBXFileReference; lastKnownFileType = text.plist.xml; path = Info.plist; sourceTree = "<group>"; };
		FE39F51327D4EC5B00024E9E /* Setting_Clone_AppTests.xctest */ = {isa = PBXFileReference; explicitFileType = wrapper.cfbundle; includeInIndex = 0; path = Setting_Clone_AppTests.xctest; sourceTree = BUILT_PRODUCTS_DIR; };
		FE39F51727D4EC5B00024E9E /* Setting_Clone_AppTests.swift */ = {isa = PBXFileReference; lastKnownFileType = sourcecode.swift; path = Setting_Clone_AppTests.swift; sourceTree = "<group>"; };
		FE39F51D27D4EC5B00024E9E /* Setting_Clone_AppUITests.xctest */ = {isa = PBXFileReference; explicitFileType = wrapper.cfbundle; includeInIndex = 0; path = Setting_Clone_AppUITests.xctest; sourceTree = BUILT_PRODUCTS_DIR; };
		FE39F52127D4EC5B00024E9E /* Setting_Clone_AppUITests.swift */ = {isa = PBXFileReference; lastKnownFileType = sourcecode.swift; path = Setting_Clone_AppUITests.swift; sourceTree = "<group>"; };
		FE39F52327D4EC5B00024E9E /* Setting_Clone_AppUITestsLaunchTests.swift */ = {isa = PBXFileReference; lastKnownFileType = sourcecode.swift; path = Setting_Clone_AppUITestsLaunchTests.swift; sourceTree = "<group>"; };
		FE39F53027D62A5400024E9E /* ProfileCell.swift */ = {isa = PBXFileReference; lastKnownFileType = sourcecode.swift; path = ProfileCell.swift; sourceTree = "<group>"; };
		FE39F53127D62A5400024E9E /* ProfileCell.xib */ = {isa = PBXFileReference; lastKnownFileType = file.xib; path = ProfileCell.xib; sourceTree = "<group>"; };
		FE39F53427D6481F00024E9E /* MenuCell.swift */ = {isa = PBXFileReference; lastKnownFileType = sourcecode.swift; path = MenuCell.swift; sourceTree = "<group>"; };
		FE39F53527D6481F00024E9E /* MenuCell.xib */ = {isa = PBXFileReference; lastKnownFileType = file.xib; path = MenuCell.xib; sourceTree = "<group>"; };
/* End PBXFileReference section */

/* Begin PBXFrameworksBuildPhase section */
		FE39F4FA27D4EC5800024E9E /* Frameworks */ = {
			isa = PBXFrameworksBuildPhase;
			buildActionMask = 2147483647;
			files = (
			);
			runOnlyForDeploymentPostprocessing = 0;
		};
		FE39F51027D4EC5B00024E9E /* Frameworks */ = {
			isa = PBXFrameworksBuildPhase;
			buildActionMask = 2147483647;
			files = (
			);
			runOnlyForDeploymentPostprocessing = 0;
		};
		FE39F51A27D4EC5B00024E9E /* Frameworks */ = {
			isa = PBXFrameworksBuildPhase;
			buildActionMask = 2147483647;
			files = (
			);
			runOnlyForDeploymentPostprocessing = 0;
		};
/* End PBXFrameworksBuildPhase section */

/* Begin PBXGroup section */
		FE39F4F427D4EC5800024E9E = {
			isa = PBXGroup;
			children = (
				FE39F4FF27D4EC5800024E9E /* Setting_Clone_App */,
				FE39F51627D4EC5B00024E9E /* Setting_Clone_AppTests */,
				FE39F52027D4EC5B00024E9E /* Setting_Clone_AppUITests */,
				FE39F4FE27D4EC5800024E9E /* Products */,
			);
			sourceTree = "<group>";
		};
		FE39F4FE27D4EC5800024E9E /* Products */ = {
			isa = PBXGroup;
			children = (
				FE39F4FD27D4EC5800024E9E /* Setting_Clone_App.app */,
				FE39F51327D4EC5B00024E9E /* Setting_Clone_AppTests.xctest */,
				FE39F51D27D4EC5B00024E9E /* Setting_Clone_AppUITests.xctest */,
			);
			name = Products;
			sourceTree = "<group>";
		};
		FE39F4FF27D4EC5800024E9E /* Setting_Clone_App */ = {
			isa = PBXGroup;
			children = (
				FE39F50027D4EC5800024E9E /* AppDelegate.swift */,
				FE39F50227D4EC5800024E9E /* SceneDelegate.swift */,
				FE39F50427D4EC5800024E9E /* ViewController.swift */,
				FE39F50627D4EC5800024E9E /* Main.storyboard */,
				FE39F53027D62A5400024E9E /* ProfileCell.swift */,
				FE39F53127D62A5400024E9E /* ProfileCell.xib */,
				FE39F50927D4EC5B00024E9E /* Assets.xcassets */,
				FE39F53427D6481F00024E9E /* MenuCell.swift */,
				FE39F53527D6481F00024E9E /* MenuCell.xib */,
				FE39F50B27D4EC5B00024E9E /* LaunchScreen.storyboard */,
				FE39F50E27D4EC5B00024E9E /* Info.plist */,
			);
			path = Setting_Clone_App;
			sourceTree = "<group>";
		};
		FE39F51627D4EC5B00024E9E /* Setting_Clone_AppTests */ = {
			isa = PBXGroup;
			children = (
				FE39F51727D4EC5B00024E9E /* Setting_Clone_AppTests.swift */,
			);
			path = Setting_Clone_AppTests;
			sourceTree = "<group>";
		};
		FE39F52027D4EC5B00024E9E /* Setting_Clone_AppUITests */ = {
			isa = PBXGroup;
			children = (
				FE39F52127D4EC5B00024E9E /* Setting_Clone_AppUITests.swift */,
				FE39F52327D4EC5B00024E9E /* Setting_Clone_AppUITestsLaunchTests.swift */,
			);
			path = Setting_Clone_AppUITests;
			sourceTree = "<group>";
		};
/* End PBXGroup section */

/* Begin PBXNativeTarget section */
		FE39F4FC27D4EC5800024E9E /* Setting_Clone_App */ = {
			isa = PBXNativeTarget;
			buildConfigurationList = FE39F52727D4EC5B00024E9E /* Build configuration list for PBXNativeTarget "Setting_Clone_App" */;
			buildPhases = (
				FE39F4F927D4EC5800024E9E /* Sources */,
				FE39F4FA27D4EC5800024E9E /* Frameworks */,
				FE39F4FB27D4EC5800024E9E /* Resources */,
			);
			buildRules = (
			);
			dependencies = (
			);
			name = Setting_Clone_App;
			productName = Setting_Clone_App;
			productReference = FE39F4FD27D4EC5800024E9E /* Setting_Clone_App.app */;
			productType = "com.apple.product-type.application";
		};
		FE39F51227D4EC5B00024E9E /* Setting_Clone_AppTests */ = {
			isa = PBXNativeTarget;
			buildConfigurationList = FE39F52A27D4EC5B00024E9E /* Build configuration list for PBXNativeTarget "Setting_Clone_AppTests" */;
			buildPhases = (
				FE39F50F27D4EC5B00024E9E /* Sources */,
				FE39F51027D4EC5B00024E9E /* Frameworks */,
				FE39F51127D4EC5B00024E9E /* Resources */,
			);
			buildRules = (
			);
			dependencies = (
				FE39F51527D4EC5B00024E9E /* PBXTargetDependency */,
			);
			name = Setting_Clone_AppTests;
			productName = Setting_Clone_AppTests;
			productReference = FE39F51327D4EC5B00024E9E /* Setting_Clone_AppTests.xctest */;
			productType = "com.apple.product-type.bundle.unit-test";
		};
		FE39F51C27D4EC5B00024E9E /* Setting_Clone_AppUITests */ = {
			isa = PBXNativeTarget;
			buildConfigurationList = FE39F52D27D4EC5B00024E9E /* Build configuration list for PBXNativeTarget "Setting_Clone_AppUITests" */;
			buildPhases = (
				FE39F51927D4EC5B00024E9E /* Sources */,
				FE39F51A27D4EC5B00024E9E /* Frameworks */,
				FE39F51B27D4EC5B00024E9E /* Resources */,
			);
			buildRules = (
			);
			dependencies = (
				FE39F51F27D4EC5B00024E9E /* PBXTargetDependency */,
			);
			name = Setting_Clone_AppUITests;
			productName = Setting_Clone_AppUITests;
			productReference = FE39F51D27D4EC5B00024E9E /* Setting_Clone_AppUITests.xctest */;
			productType = "com.apple.product-type.bundle.ui-testing";
		};
/* End PBXNativeTarget section */

/* Begin PBXProject section */
		FE39F4F527D4EC5800024E9E /* Project object */ = {
			isa = PBXProject;
			attributes = {
				BuildIndependentTargetsInParallel = 1;
				LastSwiftUpdateCheck = 1320;
				LastUpgradeCheck = 1320;
				TargetAttributes = {
					FE39F4FC27D4EC5800024E9E = {
						CreatedOnToolsVersion = 13.2.1;
					};
					FE39F51227D4EC5B00024E9E = {
						CreatedOnToolsVersion = 13.2.1;
						TestTargetID = FE39F4FC27D4EC5800024E9E;
					};
					FE39F51C27D4EC5B00024E9E = {
						CreatedOnToolsVersion = 13.2.1;
						TestTargetID = FE39F4FC27D4EC5800024E9E;
					};
				};
			};
			buildConfigurationList = FE39F4F827D4EC5800024E9E /* Build configuration list for PBXProject "Setting_Clone_App" */;
			compatibilityVersion = "Xcode 13.0";
			developmentRegion = en;
			hasScannedForEncodings = 0;
			knownRegions = (
				en,
				Base,
			);
			mainGroup = FE39F4F427D4EC5800024E9E;
			productRefGroup = FE39F4FE27D4EC5800024E9E /* Products */;
			projectDirPath = "";
			projectRoot = "";
			targets = (
				FE39F4FC27D4EC5800024E9E /* Setting_Clone_App */,
				FE39F51227D4EC5B00024E9E /* Setting_Clone_AppTests */,
				FE39F51C27D4EC5B00024E9E /* Setting_Clone_AppUITests */,
			);
		};
/* End PBXProject section */

/* Begin PBXResourcesBuildPhase section */
		FE39F4FB27D4EC5800024E9E /* Resources */ = {
			isa = PBXResourcesBuildPhase;
			buildActionMask = 2147483647;
			files = (
				FE39F50D27D4EC5B00024E9E /* LaunchScreen.storyboard in Resources */,
				FE39F53327D62A5400024E9E /* ProfileCell.xib in Resources */,
				FE39F53727D6481F00024E9E /* MenuCell.xib in Resources */,
				FE39F50A27D4EC5B00024E9E /* Assets.xcassets in Resources */,
				FE39F50827D4EC5800024E9E /* Main.storyboard in Resources */,
			);
			runOnlyForDeploymentPostprocessing = 0;
		};
		FE39F51127D4EC5B00024E9E /* Resources */ = {
			isa = PBXResourcesBuildPhase;
			buildActionMask = 2147483647;
			files = (
			);
			runOnlyForDeploymentPostprocessing = 0;
		};
		FE39F51B27D4EC5B00024E9E /* Resources */ = {
			isa = PBXResourcesBuildPhase;
			buildActionMask = 2147483647;
			files = (
			);
			runOnlyForDeploymentPostprocessing = 0;
		};
/* End PBXResourcesBuildPhase section */

/* Begin PBXSourcesBuildPhase section */
		FE39F4F927D4EC5800024E9E /* Sources */ = {
			isa = PBXSourcesBuildPhase;
			buildActionMask = 2147483647;
			files = (
				FE39F50527D4EC5800024E9E /* ViewController.swift in Sources */,
				FE39F53627D6481F00024E9E /* MenuCell.swift in Sources */,
				FE39F53227D62A5400024E9E /* ProfileCell.swift in Sources */,
				FE39F50127D4EC5800024E9E /* AppDelegate.swift in Sources */,
				FE39F50327D4EC5800024E9E /* SceneDelegate.swift in Sources */,
			);
			runOnlyForDeploymentPostprocessing = 0;
		};
		FE39F50F27D4EC5B00024E9E /* Sources */ = {
			isa = PBXSourcesBuildPhase;
			buildActionMask = 2147483647;
			files = (
				FE39F51827D4EC5B00024E9E /* Setting_Clone_AppTests.swift in Sources */,
			);
			runOnlyForDeploymentPostprocessing = 0;
		};
		FE39F51927D4EC5B00024E9E /* Sources */ = {
			isa = PBXSourcesBuildPhase;
			buildActionMask = 2147483647;
			files = (
				FE39F52227D4EC5B00024E9E /* Setting_Clone_AppUITests.swift in Sources */,
				FE39F52427D4EC5B00024E9E /* Setting_Clone_AppUITestsLaunchTests.swift in Sources */,
			);
			runOnlyForDeploymentPostprocessing = 0;
		};
/* End PBXSourcesBuildPhase section */

/* Begin PBXTargetDependency section */
		FE39F51527D4EC5B00024E9E /* PBXTargetDependency */ = {
			isa = PBXTargetDependency;
			target = FE39F4FC27D4EC5800024E9E /* Setting_Clone_App */;
			targetProxy = FE39F51427D4EC5B00024E9E /* PBXContainerItemProxy */;
		};
		FE39F51F27D4EC5B00024E9E /* PBXTargetDependency */ = {
			isa = PBXTargetDependency;
			target = FE39F4FC27D4EC5800024E9E /* Setting_Clone_App */;
			targetProxy = FE39F51E27D4EC5B00024E9E /* PBXContainerItemProxy */;
		};
/* End PBXTargetDependency section */

/* Begin PBXVariantGroup section */
		FE39F50627D4EC5800024E9E /* Main.storyboard */ = {
			isa = PBXVariantGroup;
			children = (
				FE39F50727D4EC5800024E9E /* Base */,
			);
			name = Main.storyboard;
			sourceTree = "<group>";
		};
		FE39F50B27D4EC5B00024E9E /* LaunchScreen.storyboard */ = {
			isa = PBXVariantGroup;
			children = (
				FE39F50C27D4EC5B00024E9E /* Base */,
			);
			name = LaunchScreen.storyboard;
			sourceTree = "<group>";
		};
/* End PBXVariantGroup section */

/* Begin XCBuildConfiguration section */
		FE39F52527D4EC5B00024E9E /* Debug */ = {
			isa = XCBuildConfiguration;
			buildSettings = {
				ALWAYS_SEARCH_USER_PATHS = NO;
				CLANG_ANALYZER_NONNULL = YES;
				CLANG_ANALYZER_NUMBER_OBJECT_CONVERSION = YES_AGGRESSIVE;
				CLANG_CXX_LANGUAGE_STANDARD = "gnu++17";
				CLANG_CXX_LIBRARY = "libc++";
				CLANG_ENABLE_MODULES = YES;
				CLANG_ENABLE_OBJC_ARC = YES;
				CLANG_ENABLE_OBJC_WEAK = YES;
				CLANG_WARN_BLOCK_CAPTURE_AUTORELEASING = YES;
				CLANG_WARN_BOOL_CONVERSION = YES;
				CLANG_WARN_COMMA = YES;
				CLANG_WARN_CONSTANT_CONVERSION = YES;
				CLANG_WARN_DEPRECATED_OBJC_IMPLEMENTATIONS = YES;
				CLANG_WARN_DIRECT_OBJC_ISA_USAGE = YES_ERROR;
				CLANG_WARN_DOCUMENTATION_COMMENTS = YES;
				CLANG_WARN_EMPTY_BODY = YES;
				CLANG_WARN_ENUM_CONVERSION = YES;
				CLANG_WARN_INFINITE_RECURSION = YES;
				CLANG_WARN_INT_CONVERSION = YES;
				CLANG_WARN_NON_LITERAL_NULL_CONVERSION = YES;
				CLANG_WARN_OBJC_IMPLICIT_RETAIN_SELF = YES;
				CLANG_WARN_OBJC_LITERAL_CONVERSION = YES;
				CLANG_WARN_OBJC_ROOT_CLASS = YES_ERROR;
				CLANG_WARN_QUOTED_INCLUDE_IN_FRAMEWORK_HEADER = YES;
				CLANG_WARN_RANGE_LOOP_ANALYSIS = YES;
				CLANG_WARN_STRICT_PROTOTYPES = YES;
				CLANG_WARN_SUSPICIOUS_MOVE = YES;
				CLANG_WARN_UNGUARDED_AVAILABILITY = YES_AGGRESSIVE;
				CLANG_WARN_UNREACHABLE_CODE = YES;
				CLANG_WARN__DUPLICATE_METHOD_MATCH = YES;
				COPY_PHASE_STRIP = NO;
				DEBUG_INFORMATION_FORMAT = dwarf;
				ENABLE_STRICT_OBJC_MSGSEND = YES;
				ENABLE_TESTABILITY = YES;
				GCC_C_LANGUAGE_STANDARD = gnu11;
				GCC_DYNAMIC_NO_PIC = NO;
				GCC_NO_COMMON_BLOCKS = YES;
				GCC_OPTIMIZATION_LEVEL = 0;
				GCC_PREPROCESSOR_DEFINITIONS = (
					"DEBUG=1",
					"$(inherited)",
				);
				GCC_WARN_64_TO_32_BIT_CONVERSION = YES;
				GCC_WARN_ABOUT_RETURN_TYPE = YES_ERROR;
				GCC_WARN_UNDECLARED_SELECTOR = YES;
				GCC_WARN_UNINITIALIZED_AUTOS = YES_AGGRESSIVE;
				GCC_WARN_UNUSED_FUNCTION = YES;
				GCC_WARN_UNUSED_VARIABLE = YES;
				IPHONEOS_DEPLOYMENT_TARGET = 15.2;
				MTL_ENABLE_DEBUG_INFO = INCLUDE_SOURCE;
				MTL_FAST_MATH = YES;
				ONLY_ACTIVE_ARCH = YES;
				SDKROOT = iphoneos;
				SWIFT_ACTIVE_COMPILATION_CONDITIONS = DEBUG;
				SWIFT_OPTIMIZATION_LEVEL = "-Onone";
			};
			name = Debug;
		};
		FE39F52627D4EC5B00024E9E /* Release */ = {
			isa = XCBuildConfiguration;
			buildSettings = {
				ALWAYS_SEARCH_USER_PATHS = NO;
				CLANG_ANALYZER_NONNULL = YES;
				CLANG_ANALYZER_NUMBER_OBJECT_CONVERSION = YES_AGGRESSIVE;
				CLANG_CXX_LANGUAGE_STANDARD = "gnu++17";
				CLANG_CXX_LIBRARY = "libc++";
				CLANG_ENABLE_MODULES = YES;
				CLANG_ENABLE_OBJC_ARC = YES;
				CLANG_ENABLE_OBJC_WEAK = YES;
				CLANG_WARN_BLOCK_CAPTURE_AUTORELEASING = YES;
				CLANG_WARN_BOOL_CONVERSION = YES;
				CLANG_WARN_COMMA = YES;
				CLANG_WARN_CONSTANT_CONVERSION = YES;
				CLANG_WARN_DEPRECATED_OBJC_IMPLEMENTATIONS = YES;
				CLANG_WARN_DIRECT_OBJC_ISA_USAGE = YES_ERROR;
				CLANG_WARN_DOCUMENTATION_COMMENTS = YES;
				CLANG_WARN_EMPTY_BODY = YES;
				CLANG_WARN_ENUM_CONVERSION = YES;
				CLANG_WARN_INFINITE_RECURSION = YES;
				CLANG_WARN_INT_CONVERSION = YES;
				CLANG_WARN_NON_LITERAL_NULL_CONVERSION = YES;
				CLANG_WARN_OBJC_IMPLICIT_RETAIN_SELF = YES;
				CLANG_WARN_OBJC_LITERAL_CONVERSION = YES;
				CLANG_WARN_OBJC_ROOT_CLASS = YES_ERROR;
				CLANG_WARN_QUOTED_INCLUDE_IN_FRAMEWORK_HEADER = YES;
				CLANG_WARN_RANGE_LOOP_ANALYSIS = YES;
				CLANG_WARN_STRICT_PROTOTYPES = YES;
				CLANG_WARN_SUSPICIOUS_MOVE = YES;
				CLANG_WARN_UNGUARDED_AVAILABILITY = YES_AGGRESSIVE;
				CLANG_WARN_UNREACHABLE_CODE = YES;
				CLANG_WARN__DUPLICATE_METHOD_MATCH = YES;
				COPY_PHASE_STRIP = NO;
				DEBUG_INFORMATION_FORMAT = "dwarf-with-dsym";
				ENABLE_NS_ASSERTIONS = NO;
				ENABLE_STRICT_OBJC_MSGSEND = YES;
				GCC_C_LANGUAGE_STANDARD = gnu11;
				GCC_NO_COMMON_BLOCKS = YES;
				GCC_WARN_64_TO_32_BIT_CONVERSION = YES;
				GCC_WARN_ABOUT_RETURN_TYPE = YES_ERROR;
				GCC_WARN_UNDECLARED_SELECTOR = YES;
				GCC_WARN_UNINITIALIZED_AUTOS = YES_AGGRESSIVE;
				GCC_WARN_UNUSED_FUNCTION = YES;
				GCC_WARN_UNUSED_VARIABLE = YES;
				IPHONEOS_DEPLOYMENT_TARGET = 15.2;
				MTL_ENABLE_DEBUG_INFO = NO;
				MTL_FAST_MATH = YES;
				SDKROOT = iphoneos;
				SWIFT_COMPILATION_MODE = wholemodule;
				SWIFT_OPTIMIZATION_LEVEL = "-O";
				VALIDATE_PRODUCT = YES;
			};
			name = Release;
		};
		FE39F52827D4EC5B00024E9E /* Debug */ = {
			isa = XCBuildConfiguration;
			buildSettings = {
				ASSETCATALOG_COMPILER_APPICON_NAME = AppIcon;
				ASSETCATALOG_COMPILER_GLOBAL_ACCENT_COLOR_NAME = AccentColor;
				CODE_SIGN_STYLE = Automatic;
				CURRENT_PROJECT_VERSION = 1;
				DEVELOPMENT_TEAM = PCUEJ9B26J;
				GENERATE_INFOPLIST_FILE = YES;
				INFOPLIST_FILE = Setting_Clone_App/Info.plist;
				INFOPLIST_KEY_UIApplicationSupportsIndirectInputEvents = YES;
				INFOPLIST_KEY_UILaunchStoryboardName = LaunchScreen;
				INFOPLIST_KEY_UIMainStoryboardFile = Main;
				INFOPLIST_KEY_UISupportedInterfaceOrientations_iPad = "UIInterfaceOrientationPortrait UIInterfaceOrientationPortraitUpsideDown UIInterfaceOrientationLandscapeLeft UIInterfaceOrientationLandscapeRight";
				INFOPLIST_KEY_UISupportedInterfaceOrientations_iPhone = "UIInterfaceOrientationPortrait UIInterfaceOrientationLandscapeLeft UIInterfaceOrientationLandscapeRight";
				IPHONEOS_DEPLOYMENT_TARGET = 14.4;
				LD_RUNPATH_SEARCH_PATHS = (
					"$(inherited)",
					"@executable_path/Frameworks",
				);
				MARKETING_VERSION = 1.0;
				PRODUCT_BUNDLE_IDENTIFIER = "com.4dakto.Setting-Clone-App";
				PRODUCT_NAME = "$(TARGET_NAME)";
				SWIFT_EMIT_LOC_STRINGS = YES;
				SWIFT_VERSION = 5.0;
				TARGETED_DEVICE_FAMILY = 1;
			};
			name = Debug;
		};
		FE39F52927D4EC5B00024E9E /* Release */ = {
			isa = XCBuildConfiguration;
			buildSettings = {
				ASSETCATALOG_COMPILER_APPICON_NAME = AppIcon;
				ASSETCATALOG_COMPILER_GLOBAL_ACCENT_COLOR_NAME = AccentColor;
				CODE_SIGN_STYLE = Automatic;
				CURRENT_PROJECT_VERSION = 1;
				DEVELOPMENT_TEAM = PCUEJ9B26J;
				GENERATE_INFOPLIST_FILE = YES;
				INFOPLIST_FILE = Setting_Clone_App/Info.plist;
				INFOPLIST_KEY_UIApplicationSupportsIndirectInputEvents = YES;
				INFOPLIST_KEY_UILaunchStoryboardName = LaunchScreen;
				INFOPLIST_KEY_UIMainStoryboardFile = Main;
				INFOPLIST_KEY_UISupportedInterfaceOrientations_iPad = "UIInterfaceOrientationPortrait UIInterfaceOrientationPortraitUpsideDown UIInterfaceOrientationLandscapeLeft UIInterfaceOrientationLandscapeRight";
				INFOPLIST_KEY_UISupportedInterfaceOrientations_iPhone = "UIInterfaceOrientationPortrait UIInterfaceOrientationLandscapeLeft UIInterfaceOrientationLandscapeRight";
				IPHONEOS_DEPLOYMENT_TARGET = 14.4;
				LD_RUNPATH_SEARCH_PATHS = (
					"$(inherited)",
					"@executable_path/Frameworks",
				);
				MARKETING_VERSION = 1.0;
				PRODUCT_BUNDLE_IDENTIFIER = "com.4dakto.Setting-Clone-App";
				PRODUCT_NAME = "$(TARGET_NAME)";
				SWIFT_EMIT_LOC_STRINGS = YES;
				SWIFT_VERSION = 5.0;
				TARGETED_DEVICE_FAMILY = 1;
			};
			name = Release;
		};
		FE39F52B27D4EC5B00024E9E /* Debug */ = {
			isa = XCBuildConfiguration;
			buildSettings = {
				ALWAYS_EMBED_SWIFT_STANDARD_LIBRARIES = YES;
				BUNDLE_LOADER = "$(TEST_HOST)";
				CODE_SIGN_STYLE = Automatic;
				CURRENT_PROJECT_VERSION = 1;
				DEVELOPMENT_TEAM = PCUEJ9B26J;
				GENERATE_INFOPLIST_FILE = YES;
				IPHONEOS_DEPLOYMENT_TARGET = 15.2;
				MARKETING_VERSION = 1.0;
				PRODUCT_BUNDLE_IDENTIFIER = "com.4dakto.Setting-Clone-AppTests";
				PRODUCT_NAME = "$(TARGET_NAME)";
				SWIFT_EMIT_LOC_STRINGS = NO;
				SWIFT_VERSION = 5.0;
				TARGETED_DEVICE_FAMILY = "1,2";
				TEST_HOST = "$(BUILT_PRODUCTS_DIR)/Setting_Clone_App.app/Setting_Clone_App";
			};
			name = Debug;
		};
		FE39F52C27D4EC5B00024E9E /* Release */ = {
			isa = XCBuildConfiguration;
			buildSettings = {
				ALWAYS_EMBED_SWIFT_STANDARD_LIBRARIES = YES;
				BUNDLE_LOADER = "$(TEST_HOST)";
				CODE_SIGN_STYLE = Automatic;
				CURRENT_PROJECT_VERSION = 1;
				DEVELOPMENT_TEAM = PCUEJ9B26J;
				GENERATE_INFOPLIST_FILE = YES;
				IPHONEOS_DEPLOYMENT_TARGET = 15.2;
				MARKETING_VERSION = 1.0;
				PRODUCT_BUNDLE_IDENTIFIER = "com.4dakto.Setting-Clone-AppTests";
				PRODUCT_NAME = "$(TARGET_NAME)";
				SWIFT_EMIT_LOC_STRINGS = NO;
				SWIFT_VERSION = 5.0;
				TARGETED_DEVICE_FAMILY = "1,2";
				TEST_HOST = "$(BUILT_PRODUCTS_DIR)/Setting_Clone_App.app/Setting_Clone_App";
			};
			name = Release;
		};
		FE39F52E27D4EC5B00024E9E /* Debug */ = {
			isa = XCBuildConfiguration;
			buildSettings = {
				ALWAYS_EMBED_SWIFT_STANDARD_LIBRARIES = YES;
				CODE_SIGN_STYLE = Automatic;
				CURRENT_PROJECT_VERSION = 1;
				DEVELOPMENT_TEAM = PCUEJ9B26J;
				GENERATE_INFOPLIST_FILE = YES;
				MARKETING_VERSION = 1.0;
				PRODUCT_BUNDLE_IDENTIFIER = "com.4dakto.Setting-Clone-AppUITests";
				PRODUCT_NAME = "$(TARGET_NAME)";
				SWIFT_EMIT_LOC_STRINGS = NO;
				SWIFT_VERSION = 5.0;
				TARGETED_DEVICE_FAMILY = "1,2";
				TEST_TARGET_NAME = Setting_Clone_App;
			};
			name = Debug;
		};
		FE39F52F27D4EC5B00024E9E /* Release */ = {
			isa = XCBuildConfiguration;
			buildSettings = {
				ALWAYS_EMBED_SWIFT_STANDARD_LIBRARIES = YES;
				CODE_SIGN_STYLE = Automatic;
				CURRENT_PROJECT_VERSION = 1;
				DEVELOPMENT_TEAM = PCUEJ9B26J;
				GENERATE_INFOPLIST_FILE = YES;
				MARKETING_VERSION = 1.0;
				PRODUCT_BUNDLE_IDENTIFIER = "com.4dakto.Setting-Clone-AppUITests";
				PRODUCT_NAME = "$(TARGET_NAME)";
				SWIFT_EMIT_LOC_STRINGS = NO;
				SWIFT_VERSION = 5.0;
				TARGETED_DEVICE_FAMILY = "1,2";
				TEST_TARGET_NAME = Setting_Clone_App;
			};
			name = Release;
		};
/* End XCBuildConfiguration section */

/* Begin XCConfigurationList section */
		FE39F4F827D4EC5800024E9E /* Build configuration list for PBXProject "Setting_Clone_App" */ = {
			isa = XCConfigurationList;
			buildConfigurations = (
				FE39F52527D4EC5B00024E9E /* Debug */,
				FE39F52627D4EC5B00024E9E /* Release */,
			);
			defaultConfigurationIsVisible = 0;
			defaultConfigurationName = Release;
		};
		FE39F52727D4EC5B00024E9E /* Build configuration list for PBXNativeTarget "Setting_Clone_App" */ = {
			isa = XCConfigurationList;
			buildConfigurations = (
				FE39F52827D4EC5B00024E9E /* Debug */,
				FE39F52927D4EC5B00024E9E /* Release */,
			);
			defaultConfigurationIsVisible = 0;
			defaultConfigurationName = Release;
		};
		FE39F52A27D4EC5B00024E9E /* Build configuration list for PBXNativeTarget "Setting_Clone_AppTests" */ = {
			isa = XCConfigurationList;
			buildConfigurations = (
				FE39F52B27D4EC5B00024E9E /* Debug */,
				FE39F52C27D4EC5B00024E9E /* Release */,
			);
			defaultConfigurationIsVisible = 0;
			defaultConfigurationName = Release;
		};
		FE39F52D27D4EC5B00024E9E /* Build configuration list for PBXNativeTarget "Setting_Clone_AppUITests" */ = {
			isa = XCConfigurationList;
			buildConfigurations = (
				FE39F52E27D4EC5B00024E9E /* Debug */,
				FE39F52F27D4EC5B00024E9E /* Release */,
			);
			defaultConfigurationIsVisible = 0;
			defaultConfigurationName = Release;
		};
/* End XCConfigurationList section */
	};
	rootObject = FE39F4F527D4EC5800024E9E /* Project object */;
}
